
Microsoft Visual Studio Solution File, Format Version 11.00
# Visual Studio 2010
Project("{8BC9CEB8-8B4A-11D0-8D11-00A0C91BC942}") = "win32", "win32.vcxproj", "{42AA3BA2-7FA5-408D-8B9D-56175F75D604}"
EndProject
Global
	GlobalSection(SolutionConfigurationPlatforms) = preSolution
		Release|Win32 = Release|Win32
	EndGlobalSection
	GlobalSection(ProjectConfigurationPlatforms) = postSolution
		{42AA3BA2-7FA5-408D-8B9D-56175F75D604}.Release|Win32.ActiveCfg = Release|Win32
		{42AA3BA2-7FA5-408D-8B9D-56175F75D604}.Release|Win32.Build.0 = Release|Win32
	EndGlobalSection
	GlobalSection(SolutionProperties) = preSolution
		HideSolutionNode = FALSE
	EndGlobalSection
EndGlobal
